
Microsoft Visual Studio Solution File, Format Version 12.00
# Visual Studio Version 16
VisualStudioVersion = 16.0.29728.190
MinimumVisualStudioVersion = 10.0.40219.1
Project("{FAE04EC0-301F-11D3-BF4B-00C04F79EFBC}") = "employee", "employee\employee.csproj", "{FBCFA36D-09F4-4D6D-8D92-8655AE48039B}"
EndProject
Global
	GlobalSection(SolutionConfigurationPlatforms) = preSolution
		Debug|Any CPU = Debug|Any CPU
		Release|Any CPU = Release|Any CPU
	EndGlobalSection
	GlobalSection(ProjectConfigurationPlatforms) = postSolution
		{FBCFA36D-09F4-4D6D-8D92-8655AE48039B}.Debug|Any CPU.ActiveCfg = Debug|Any CPU
		{FBCFA36D-09F4-4D6D-8D92-8655AE48039B}.Debug|Any CPU.Build.0 = Debug|Any CPU
		{FBCFA36D-09F4-4D6D-8D92-8655AE48039B}.Release|Any CPU.ActiveCfg = Release|Any CPU
		{FBCFA36D-09F4-4D6D-8D92-8655AE48039B}.Release|Any CPU.Build.0 = Release|Any CPU
	EndGlobalSection
	GlobalSection(SolutionProperties) = preSolution
		HideSolutionNode = FALSE
	EndGlobalSection
	GlobalSection(ExtensibilityGlobals) = postSolution
		SolutionGuid = {43D5A9D4-0F22-4E4E-B16D-2958CB280D14}
	EndGlobalSection
EndGlobal
